
Microsoft Visual Studio Solution File, Format Version 12.00
# Visual Studio Version 17
VisualStudioVersion = 17.7.34031.279
MinimumVisualStudioVersion = 10.0.40219.1
Project("{FAE04EC0-301F-11D3-BF4B-00C04F79EFBC}") = "RazorPagesMovie", "RazorPagesMovie\RazorPagesMovie.csproj", "{23C05746-3515-43C7-9A06-42394D597AAE}"
EndProject
Global
	GlobalSection(SolutionConfigurationPlatforms) = preSolution
		Debug|Any CPU = Debug|Any CPU
		Release|Any CPU = Release|Any CPU
	EndGlobalSection
	GlobalSection(ProjectConfigurationPlatforms) = postSolution
		{23C05746-3515-43C7-9A06-42394D597AAE}.Debug|Any CPU.ActiveCfg = Debug|Any CPU
		{23C05746-3515-43C7-9A06-42394D597AAE}.Debug|Any CPU.Build.0 = Debug|Any CPU
		{23C05746-3515-43C7-9A06-42394D597AAE}.Release|Any CPU.ActiveCfg = Release|Any CPU
		{23C05746-3515-43C7-9A06-42394D597AAE}.Release|Any CPU.Build.0 = Release|Any CPU
	EndGlobalSection
	GlobalSection(SolutionProperties) = preSolution
		HideSolutionNode = FALSE
	EndGlobalSection
	GlobalSection(ExtensibilityGlobals) = postSolution
		SolutionGuid = {3F92119C-34C3-41F2-9862-51DCB7F504A1}
	EndGlobalSection
EndGlobal
